
Microsoft Visual Studio Solution File, Format Version 12.00
# Visual Studio Version 16
VisualStudioVersion = 16.0.30611.23
MinimumVisualStudioVersion = 10.0.40219.1
Project("{FAE04EC0-301F-11D3-BF4B-00C04F79EFBC}") = "ArabalarOdev", "ArabalarOdev\ArabalarOdev.csproj", "{403FC628-45A9-4D61-A986-80F67D2AE20A}"
EndProject
Global
	GlobalSection(SolutionConfigurationPlatforms) = preSolution
		Debug|Any CPU = Debug|Any CPU
		Release|Any CPU = Release|Any CPU
	EndGlobalSection
	GlobalSection(ProjectConfigurationPlatforms) = postSolution
		{403FC628-45A9-4D61-A986-80F67D2AE20A}.Debug|Any CPU.ActiveCfg = Debug|Any CPU
		{403FC628-45A9-4D61-A986-80F67D2AE20A}.Debug|Any CPU.Build.0 = Debug|Any CPU
		{403FC628-45A9-4D61-A986-80F67D2AE20A}.Release|Any CPU.ActiveCfg = Release|Any CPU
		{403FC628-45A9-4D61-A986-80F67D2AE20A}.Release|Any CPU.Build.0 = Release|Any CPU
	EndGlobalSection
	GlobalSection(SolutionProperties) = preSolution
		HideSolutionNode = FALSE
	EndGlobalSection
	GlobalSection(ExtensibilityGlobals) = postSolution
		SolutionGuid = {9D6322AE-A323-4236-A716-E9CD5C7EC5A8}
	EndGlobalSection
EndGlobal
